// !$*UTF8*$!
{
	archiveVersion = 1;
	classes = {
	};
	objectVersion = 51;
	objects = {

/* Begin PBXBuildFile section */
		A93A10CC4E1F3627603184A8 /* Pods_desafio_ios_yuri_pedroso.framework in Frameworks */ = {isa = PBXBuildFile; fileRef = 222E8AED82255FA67948E263 /* Pods_desafio_ios_yuri_pedroso.framework */; };
		AA541B9324D49510009A0BA8 /* Detail.storyboard in Resources */ = {isa = PBXBuildFile; fileRef = AA541B9224D49510009A0BA8 /* Detail.storyboard */; };
		CA84DC0D833E9AE7ECA45F27 /* Pods_desafio_ios_yuri_pedroso_desafio_ios_yuri_pedrosoUITests.framework in Frameworks */ = {isa = PBXBuildFile; fileRef = 4B09F327E00C88D78CE5CA02 /* Pods_desafio_ios_yuri_pedroso_desafio_ios_yuri_pedrosoUITests.framework */; };
		DA346967248058880020BE4C /* String+MD5.swift in Sources */ = {isa = PBXBuildFile; fileRef = DA346966248058880020BE4C /* String+MD5.swift */; };
		DA34698124817D860020BE4C /* CodableResponse.swift in Sources */ = {isa = PBXBuildFile; fileRef = DA34698024817D860020BE4C /* CodableResponse.swift */; };
		DA3469852481A92D0020BE4C /* CharactersTableViewController.swift in Sources */ = {isa = PBXBuildFile; fileRef = DA3469842481A92D0020BE4C /* CharactersTableViewController.swift */; };
		DA3469912481FB140020BE4C /* DetailViewController.swift in Sources */ = {isa = PBXBuildFile; fileRef = DA3469902481FB140020BE4C /* DetailViewController.swift */; };
		DA3469942481FB1A0020BE4C /* CharactersTableViewController.swift in Sources */ = {isa = PBXBuildFile; fileRef = DA3469842481A92D0020BE4C /* CharactersTableViewController.swift */; };
		DA3469952481FB1A0020BE4C /* CharactersTableViewController.swift in Sources */ = {isa = PBXBuildFile; fileRef = DA3469842481A92D0020BE4C /* CharactersTableViewController.swift */; };
		DA346997248209DE0020BE4C /* Comic.swift in Sources */ = {isa = PBXBuildFile; fileRef = DA346996248209DE0020BE4C /* Comic.swift */; };
		DA471C4E2487FA4500FB0D20 /* ComicViewModel.swift in Sources */ = {isa = PBXBuildFile; fileRef = DA471C4D2487FA4500FB0D20 /* ComicViewModel.swift */; };
		DA471C4F2487FA4500FB0D20 /* ComicViewModel.swift in Sources */ = {isa = PBXBuildFile; fileRef = DA471C4D2487FA4500FB0D20 /* ComicViewModel.swift */; };
		DA471C502487FA4500FB0D20 /* ComicViewModel.swift in Sources */ = {isa = PBXBuildFile; fileRef = DA471C4D2487FA4500FB0D20 /* ComicViewModel.swift */; };
		DA52FE27248302CF0018F19A /* ComicViewController.swift in Sources */ = {isa = PBXBuildFile; fileRef = DA52FE26248302CF0018F19A /* ComicViewController.swift */; };
		DA58572724856C5E0099C169 /* MarvelAPI.swift in Sources */ = {isa = PBXBuildFile; fileRef = DA58572624856C5E0099C169 /* MarvelAPI.swift */; };
		DA58572824856C5E0099C169 /* MarvelAPI.swift in Sources */ = {isa = PBXBuildFile; fileRef = DA58572624856C5E0099C169 /* MarvelAPI.swift */; };
		DA58572924856C5E0099C169 /* MarvelAPI.swift in Sources */ = {isa = PBXBuildFile; fileRef = DA58572624856C5E0099C169 /* MarvelAPI.swift */; };
		DA58572C248590EB0099C169 /* Constants.swift in Sources */ = {isa = PBXBuildFile; fileRef = DA58572B248590EB0099C169 /* Constants.swift */; };
		DA58572D248590EB0099C169 /* Constants.swift in Sources */ = {isa = PBXBuildFile; fileRef = DA58572B248590EB0099C169 /* Constants.swift */; };
		DA58572E248590EB0099C169 /* Constants.swift in Sources */ = {isa = PBXBuildFile; fileRef = DA58572B248590EB0099C169 /* Constants.swift */; };
		DA5857302485AF040099C169 /* APIError.swift in Sources */ = {isa = PBXBuildFile; fileRef = DA58572F2485AF040099C169 /* APIError.swift */; };
		DA5857312485AF040099C169 /* APIError.swift in Sources */ = {isa = PBXBuildFile; fileRef = DA58572F2485AF040099C169 /* APIError.swift */; };
		DA5857322485AF040099C169 /* APIError.swift in Sources */ = {isa = PBXBuildFile; fileRef = DA58572F2485AF040099C169 /* APIError.swift */; };
		DA8565F0248AC5AB006D9DE1 /* DetailViewModel.swift in Sources */ = {isa = PBXBuildFile; fileRef = DA8565EF248AC5AB006D9DE1 /* DetailViewModel.swift */; };
		DA8565F1248AC5AB006D9DE1 /* DetailViewModel.swift in Sources */ = {isa = PBXBuildFile; fileRef = DA8565EF248AC5AB006D9DE1 /* DetailViewModel.swift */; };
		DA8565F2248AC5AB006D9DE1 /* DetailViewModel.swift in Sources */ = {isa = PBXBuildFile; fileRef = DA8565EF248AC5AB006D9DE1 /* DetailViewModel.swift */; };
		DA8E232824919D88008A8512 /* AppCoordinator.swift in Sources */ = {isa = PBXBuildFile; fileRef = DA8E232724919D88008A8512 /* AppCoordinator.swift */; };
		DA8E232B24919DDD008A8512 /* Coordinator.swift in Sources */ = {isa = PBXBuildFile; fileRef = DA8E232A24919DDD008A8512 /* Coordinator.swift */; };
		DA8E23302491A669008A8512 /* CharsCoordinator.swift in Sources */ = {isa = PBXBuildFile; fileRef = DA8E232F2491A669008A8512 /* CharsCoordinator.swift */; };
		DA8E23312491A669008A8512 /* CharsCoordinator.swift in Sources */ = {isa = PBXBuildFile; fileRef = DA8E232F2491A669008A8512 /* CharsCoordinator.swift */; };
		DA8E23322491A669008A8512 /* CharsCoordinator.swift in Sources */ = {isa = PBXBuildFile; fileRef = DA8E232F2491A669008A8512 /* CharsCoordinator.swift */; };
		DA8E23472492A680008A8512 /* DetailCoordinator.swift in Sources */ = {isa = PBXBuildFile; fileRef = DA8E23462492A680008A8512 /* DetailCoordinator.swift */; };
		DA8E23482492A680008A8512 /* DetailCoordinator.swift in Sources */ = {isa = PBXBuildFile; fileRef = DA8E23462492A680008A8512 /* DetailCoordinator.swift */; };
		DA8E23492492A680008A8512 /* DetailCoordinator.swift in Sources */ = {isa = PBXBuildFile; fileRef = DA8E23462492A680008A8512 /* DetailCoordinator.swift */; };
		DA8E234D2492AEA4008A8512 /* Chars.storyboard in Resources */ = {isa = PBXBuildFile; fileRef = DA8E234C2492AEA4008A8512 /* Chars.storyboard */; };
		DA8E234E2492AEA4008A8512 /* Chars.storyboard in Resources */ = {isa = PBXBuildFile; fileRef = DA8E234C2492AEA4008A8512 /* Chars.storyboard */; };
		DA8E234F2492AEA4008A8512 /* Chars.storyboard in Resources */ = {isa = PBXBuildFile; fileRef = DA8E234C2492AEA4008A8512 /* Chars.storyboard */; };
		DA8E23522492AEB4008A8512 /* CharTableViewCell.swift in Sources */ = {isa = PBXBuildFile; fileRef = DA8E23512492AEB4008A8512 /* CharTableViewCell.swift */; };
		DA8E23532492AEB4008A8512 /* CharTableViewCell.swift in Sources */ = {isa = PBXBuildFile; fileRef = DA8E23512492AEB4008A8512 /* CharTableViewCell.swift */; };
		DA8E23542492AEB4008A8512 /* CharTableViewCell.swift in Sources */ = {isa = PBXBuildFile; fileRef = DA8E23512492AEB4008A8512 /* CharTableViewCell.swift */; };
		DA8E23582492B1D7008A8512 /* ComicCoordinator.swift in Sources */ = {isa = PBXBuildFile; fileRef = DA8E23572492B1D7008A8512 /* ComicCoordinator.swift */; };
		DA8E23592492B1D7008A8512 /* ComicCoordinator.swift in Sources */ = {isa = PBXBuildFile; fileRef = DA8E23572492B1D7008A8512 /* ComicCoordinator.swift */; };
		DA8E235A2492B1D7008A8512 /* ComicCoordinator.swift in Sources */ = {isa = PBXBuildFile; fileRef = DA8E23572492B1D7008A8512 /* ComicCoordinator.swift */; };
		DAA29902247D5E7F00BDF9B4 /* AppDelegate.swift in Sources */ = {isa = PBXBuildFile; fileRef = DAA29901247D5E7F00BDF9B4 /* AppDelegate.swift */; };
		DAA2990B247D5E8200BDF9B4 /* Assets.xcassets in Resources */ = {isa = PBXBuildFile; fileRef = DAA2990A247D5E8200BDF9B4 /* Assets.xcassets */; };
		DAA2990E247D5E8200BDF9B4 /* LaunchScreen.storyboard in Resources */ = {isa = PBXBuildFile; fileRef = DAA2990C247D5E8200BDF9B4 /* LaunchScreen.storyboard */; };
		DAA29919247D5E8300BDF9B4 /* desafio_ios_yuri_pedrosoTests.swift in Sources */ = {isa = PBXBuildFile; fileRef = DAA29918247D5E8300BDF9B4 /* desafio_ios_yuri_pedrosoTests.swift */; };
		DAA29924247D5E8300BDF9B4 /* desafio_ios_yuri_pedrosoUITests.swift in Sources */ = {isa = PBXBuildFile; fileRef = DAA29923247D5E8300BDF9B4 /* desafio_ios_yuri_pedrosoUITests.swift */; };
		DAA29936247D888000BDF9B4 /* Char.swift in Sources */ = {isa = PBXBuildFile; fileRef = DAA29935247D888000BDF9B4 /* Char.swift */; };
		DAA8532B2492ECCF00D6758A /* Comic.storyboard in Resources */ = {isa = PBXBuildFile; fileRef = DAA8532A2492ECCF00D6758A /* Comic.storyboard */; };
		DAA8532C2492ECCF00D6758A /* Comic.storyboard in Resources */ = {isa = PBXBuildFile; fileRef = DAA8532A2492ECCF00D6758A /* Comic.storyboard */; };
		DAA8532D2492ECCF00D6758A /* Comic.storyboard in Resources */ = {isa = PBXBuildFile; fileRef = DAA8532A2492ECCF00D6758A /* Comic.storyboard */; };
		DAB22679248607C40025A356 /* Comic.swift in Sources */ = {isa = PBXBuildFile; fileRef = DA346996248209DE0020BE4C /* Comic.swift */; };
		DAB2267A248607C50025A356 /* Comic.swift in Sources */ = {isa = PBXBuildFile; fileRef = DA346996248209DE0020BE4C /* Comic.swift */; };
		DAB2267B248607D10025A356 /* Char.swift in Sources */ = {isa = PBXBuildFile; fileRef = DAA29935247D888000BDF9B4 /* Char.swift */; };
		DAB2267C248607D10025A356 /* Char.swift in Sources */ = {isa = PBXBuildFile; fileRef = DAA29935247D888000BDF9B4 /* Char.swift */; };
		DAB2267D248607E60025A356 /* DetailViewController.swift in Sources */ = {isa = PBXBuildFile; fileRef = DA3469902481FB140020BE4C /* DetailViewController.swift */; };
		DAB2267E248607E60025A356 /* DetailViewController.swift in Sources */ = {isa = PBXBuildFile; fileRef = DA3469902481FB140020BE4C /* DetailViewController.swift */; };
		DAB2267F248607E80025A356 /* ComicViewController.swift in Sources */ = {isa = PBXBuildFile; fileRef = DA52FE26248302CF0018F19A /* ComicViewController.swift */; };
		DAB22680248607E90025A356 /* ComicViewController.swift in Sources */ = {isa = PBXBuildFile; fileRef = DA52FE26248302CF0018F19A /* ComicViewController.swift */; };
		DAB22681248608A50025A356 /* CodableResponse.swift in Sources */ = {isa = PBXBuildFile; fileRef = DA34698024817D860020BE4C /* CodableResponse.swift */; };
		DAB22682248608A50025A356 /* CodableResponse.swift in Sources */ = {isa = PBXBuildFile; fileRef = DA34698024817D860020BE4C /* CodableResponse.swift */; };
		DAB22683248608B50025A356 /* String+MD5.swift in Sources */ = {isa = PBXBuildFile; fileRef = DA346966248058880020BE4C /* String+MD5.swift */; };
		DAB22684248608B60025A356 /* String+MD5.swift in Sources */ = {isa = PBXBuildFile; fileRef = DA346966248058880020BE4C /* String+MD5.swift */; };
		DAB22685248608BD0025A356 /* AppDelegate.swift in Sources */ = {isa = PBXBuildFile; fileRef = DAA29901247D5E7F00BDF9B4 /* AppDelegate.swift */; };
		DAB22686248608BE0025A356 /* AppDelegate.swift in Sources */ = {isa = PBXBuildFile; fileRef = DAA29901247D5E7F00BDF9B4 /* AppDelegate.swift */; };
		DAB22687248608CB0025A356 /* Assets.xcassets in Resources */ = {isa = PBXBuildFile; fileRef = DAA2990A247D5E8200BDF9B4 /* Assets.xcassets */; };
		DAB22688248608CC0025A356 /* Assets.xcassets in Resources */ = {isa = PBXBuildFile; fileRef = DAA2990A247D5E8200BDF9B4 /* Assets.xcassets */; };
		DAB9455C24841CFA00184801 /* MarvelAlert.swift in Sources */ = {isa = PBXBuildFile; fileRef = DAB9455B24841CFA00184801 /* MarvelAlert.swift */; };
		DAB9455D24841CFA00184801 /* MarvelAlert.swift in Sources */ = {isa = PBXBuildFile; fileRef = DAB9455B24841CFA00184801 /* MarvelAlert.swift */; };
		DAB9455E24841CFA00184801 /* MarvelAlert.swift in Sources */ = {isa = PBXBuildFile; fileRef = DAB9455B24841CFA00184801 /* MarvelAlert.swift */; };
		DAB94564248432E900184801 /* CSViewController.swift in Sources */ = {isa = PBXBuildFile; fileRef = DAB94563248432E900184801 /* CSViewController.swift */; };
		DAB94565248432E900184801 /* CSViewController.swift in Sources */ = {isa = PBXBuildFile; fileRef = DAB94563248432E900184801 /* CSViewController.swift */; };
		DAB94566248432E900184801 /* CSViewController.swift in Sources */ = {isa = PBXBuildFile; fileRef = DAB94563248432E900184801 /* CSViewController.swift */; };
		DAF90040248D861100AA2223 /* CharactersViewModel.swift in Sources */ = {isa = PBXBuildFile; fileRef = DAF9003F248D861100AA2223 /* CharactersViewModel.swift */; };
		DAF90041248D861100AA2223 /* CharactersViewModel.swift in Sources */ = {isa = PBXBuildFile; fileRef = DAF9003F248D861100AA2223 /* CharactersViewModel.swift */; };
		DAF90042248D861100AA2223 /* CharactersViewModel.swift in Sources */ = {isa = PBXBuildFile; fileRef = DAF9003F248D861100AA2223 /* CharactersViewModel.swift */; };
		E150BA1F0CAC824837CB370C /* Pods_desafio_ios_yuri_pedrosoTests.framework in Frameworks */ = {isa = PBXBuildFile; fileRef = 4176A636399D04C987965D36 /* Pods_desafio_ios_yuri_pedrosoTests.framework */; };
/* End PBXBuildFile section */

/* Begin PBXContainerItemProxy section */
		DAA29915247D5E8300BDF9B4 /* PBXContainerItemProxy */ = {
			isa = PBXContainerItemProxy;
			containerPortal = DAA298F6247D5E7F00BDF9B4 /* Project object */;
			proxyType = 1;
			remoteGlobalIDString = DAA298FD247D5E7F00BDF9B4;
			remoteInfo = "desafio-ios-yuri-pedroso";
		};
		DAA29920247D5E8300BDF9B4 /* PBXContainerItemProxy */ = {
			isa = PBXContainerItemProxy;
			containerPortal = DAA298F6247D5E7F00BDF9B4 /* Project object */;
			proxyType = 1;
			remoteGlobalIDString = DAA298FD247D5E7F00BDF9B4;
			remoteInfo = "desafio-ios-yuri-pedroso";
		};
/* End PBXContainerItemProxy section */

/* Begin PBXFileReference section */
		222E8AED82255FA67948E263 /* Pods_desafio_ios_yuri_pedroso.framework */ = {isa = PBXFileReference; explicitFileType = wrapper.framework; includeInIndex = 0; path = Pods_desafio_ios_yuri_pedroso.framework; sourceTree = BUILT_PRODUCTS_DIR; };
		4176A636399D04C987965D36 /* Pods_desafio_ios_yuri_pedrosoTests.framework */ = {isa = PBXFileReference; explicitFileType = wrapper.framework; includeInIndex = 0; path = Pods_desafio_ios_yuri_pedrosoTests.framework; sourceTree = BUILT_PRODUCTS_DIR; };
		4B09F327E00C88D78CE5CA02 /* Pods_desafio_ios_yuri_pedroso_desafio_ios_yuri_pedrosoUITests.framework */ = {isa = PBXFileReference; explicitFileType = wrapper.framework; includeInIndex = 0; path = Pods_desafio_ios_yuri_pedroso_desafio_ios_yuri_pedrosoUITests.framework; sourceTree = BUILT_PRODUCTS_DIR; };
		53010247A3DA309D867F36EF /* Pods-desafio-ios-yuri-pedroso.debug.xcconfig */ = {isa = PBXFileReference; includeInIndex = 1; lastKnownFileType = text.xcconfig; name = "Pods-desafio-ios-yuri-pedroso.debug.xcconfig"; path = "Target Support Files/Pods-desafio-ios-yuri-pedroso/Pods-desafio-ios-yuri-pedroso.debug.xcconfig"; sourceTree = "<group>"; };
		799EB57DA78D0C3E529E13CE /* Pods-desafio-ios-yuri-pedrosoTests.debug.xcconfig */ = {isa = PBXFileReference; includeInIndex = 1; lastKnownFileType = text.xcconfig; name = "Pods-desafio-ios-yuri-pedrosoTests.debug.xcconfig"; path = "Target Support Files/Pods-desafio-ios-yuri-pedrosoTests/Pods-desafio-ios-yuri-pedrosoTests.debug.xcconfig"; sourceTree = "<group>"; };
		8A9A854D876866AC0C745185 /* Pods-desafio-ios-yuri-pedroso-desafio-ios-yuri-pedrosoUITests.release.xcconfig */ = {isa = PBXFileReference; includeInIndex = 1; lastKnownFileType = text.xcconfig; name = "Pods-desafio-ios-yuri-pedroso-desafio-ios-yuri-pedrosoUITests.release.xcconfig"; path = "Target Support Files/Pods-desafio-ios-yuri-pedroso-desafio-ios-yuri-pedrosoUITests/Pods-desafio-ios-yuri-pedroso-desafio-ios-yuri-pedrosoUITests.release.xcconfig"; sourceTree = "<group>"; };
		AA541B9224D49510009A0BA8 /* Detail.storyboard */ = {isa = PBXFileReference; lastKnownFileType = file.storyboard; path = Detail.storyboard; sourceTree = "<group>"; };
		B10D1CFFA54CB2210E1E725E /* Pods-desafio-ios-yuri-pedrosoTests.release.xcconfig */ = {isa = PBXFileReference; includeInIndex = 1; lastKnownFileType = text.xcconfig; name = "Pods-desafio-ios-yuri-pedrosoTests.release.xcconfig"; path = "Target Support Files/Pods-desafio-ios-yuri-pedrosoTests/Pods-desafio-ios-yuri-pedrosoTests.release.xcconfig"; sourceTree = "<group>"; };
		CC133F48A17F091D3C9FA12E /* Pods-desafio-ios-yuri-pedroso-desafio-ios-yuri-pedrosoUITests.debug.xcconfig */ = {isa = PBXFileReference; includeInIndex = 1; lastKnownFileType = text.xcconfig; name = "Pods-desafio-ios-yuri-pedroso-desafio-ios-yuri-pedrosoUITests.debug.xcconfig"; path = "Target Support Files/Pods-desafio-ios-yuri-pedroso-desafio-ios-yuri-pedrosoUITests/Pods-desafio-ios-yuri-pedroso-desafio-ios-yuri-pedrosoUITests.debug.xcconfig"; sourceTree = "<group>"; };
		DA346966248058880020BE4C /* String+MD5.swift */ = {isa = PBXFileReference; lastKnownFileType = sourcecode.swift; path = "String+MD5.swift"; sourceTree = "<group>"; };
		DA34696824805B0B0020BE4C /* Bridging.h */ = {isa = PBXFileReference; lastKnownFileType = sourcecode.c.h; path = Bridging.h; sourceTree = "<group>"; };
		DA34698024817D860020BE4C /* CodableResponse.swift */ = {isa = PBXFileReference; lastKnownFileType = sourcecode.swift; path = CodableResponse.swift; sourceTree = "<group>"; };
		DA3469842481A92D0020BE4C /* CharactersTableViewController.swift */ = {isa = PBXFileReference; lastKnownFileType = sourcecode.swift; path = CharactersTableViewController.swift; sourceTree = "<group>"; };
		DA3469902481FB140020BE4C /* DetailViewController.swift */ = {isa = PBXFileReference; lastKnownFileType = sourcecode.swift; path = DetailViewController.swift; sourceTree = "<group>"; };
		DA346996248209DE0020BE4C /* Comic.swift */ = {isa = PBXFileReference; lastKnownFileType = sourcecode.swift; path = Comic.swift; sourceTree = "<group>"; };
		DA471C4D2487FA4500FB0D20 /* ComicViewModel.swift */ = {isa = PBXFileReference; lastKnownFileType = sourcecode.swift; path = ComicViewModel.swift; sourceTree = "<group>"; };
		DA52FE26248302CF0018F19A /* ComicViewController.swift */ = {isa = PBXFileReference; lastKnownFileType = sourcecode.swift; path = ComicViewController.swift; sourceTree = "<group>"; };
		DA58572624856C5E0099C169 /* MarvelAPI.swift */ = {isa = PBXFileReference; lastKnownFileType = sourcecode.swift; path = MarvelAPI.swift; sourceTree = "<group>"; };
		DA58572B248590EB0099C169 /* Constants.swift */ = {isa = PBXFileReference; lastKnownFileType = sourcecode.swift; path = Constants.swift; sourceTree = "<group>"; };
		DA58572F2485AF040099C169 /* APIError.swift */ = {isa = PBXFileReference; lastKnownFileType = sourcecode.swift; path = APIError.swift; sourceTree = "<group>"; };
		DA8565EF248AC5AB006D9DE1 /* DetailViewModel.swift */ = {isa = PBXFileReference; lastKnownFileType = sourcecode.swift; path = DetailViewModel.swift; sourceTree = "<group>"; };
		DA8E232724919D88008A8512 /* AppCoordinator.swift */ = {isa = PBXFileReference; lastKnownFileType = sourcecode.swift; path = AppCoordinator.swift; sourceTree = "<group>"; };
		DA8E232A24919DDD008A8512 /* Coordinator.swift */ = {isa = PBXFileReference; lastKnownFileType = sourcecode.swift; path = Coordinator.swift; sourceTree = "<group>"; };
		DA8E232F2491A669008A8512 /* CharsCoordinator.swift */ = {isa = PBXFileReference; lastKnownFileType = sourcecode.swift; path = CharsCoordinator.swift; sourceTree = "<group>"; };
		DA8E23462492A680008A8512 /* DetailCoordinator.swift */ = {isa = PBXFileReference; lastKnownFileType = sourcecode.swift; path = DetailCoordinator.swift; sourceTree = "<group>"; };
		DA8E234C2492AEA4008A8512 /* Chars.storyboard */ = {isa = PBXFileReference; fileEncoding = 4; lastKnownFileType = file.storyboard; path = Chars.storyboard; sourceTree = "<group>"; };
		DA8E23512492AEB4008A8512 /* CharTableViewCell.swift */ = {isa = PBXFileReference; fileEncoding = 4; lastKnownFileType = sourcecode.swift; path = CharTableViewCell.swift; sourceTree = "<group>"; };
		DA8E23572492B1D7008A8512 /* ComicCoordinator.swift */ = {isa = PBXFileReference; lastKnownFileType = sourcecode.swift; path = ComicCoordinator.swift; sourceTree = "<group>"; };
		DAA298FE247D5E7F00BDF9B4 /* desafio-ios-yuri-pedroso.app */ = {isa = PBXFileReference; explicitFileType = wrapper.application; includeInIndex = 0; path = "desafio-ios-yuri-pedroso.app"; sourceTree = BUILT_PRODUCTS_DIR; };
		DAA29901247D5E7F00BDF9B4 /* AppDelegate.swift */ = {isa = PBXFileReference; lastKnownFileType = sourcecode.swift; path = AppDelegate.swift; sourceTree = "<group>"; };
		DAA2990A247D5E8200BDF9B4 /* Assets.xcassets */ = {isa = PBXFileReference; lastKnownFileType = folder.assetcatalog; path = Assets.xcassets; sourceTree = "<group>"; };
		DAA2990D247D5E8200BDF9B4 /* Base */ = {isa = PBXFileReference; lastKnownFileType = file.storyboard; name = Base; path = Base.lproj/LaunchScreen.storyboard; sourceTree = "<group>"; };
		DAA2990F247D5E8200BDF9B4 /* Info.plist */ = {isa = PBXFileReference; lastKnownFileType = text.plist.xml; path = Info.plist; sourceTree = "<group>"; };
		DAA29914247D5E8300BDF9B4 /* desafio-ios-yuri-pedrosoTests.xctest */ = {isa = PBXFileReference; explicitFileType = wrapper.cfbundle; includeInIndex = 0; path = "desafio-ios-yuri-pedrosoTests.xctest"; sourceTree = BUILT_PRODUCTS_DIR; };
		DAA29918247D5E8300BDF9B4 /* desafio_ios_yuri_pedrosoTests.swift */ = {isa = PBXFileReference; lastKnownFileType = sourcecode.swift; path = desafio_ios_yuri_pedrosoTests.swift; sourceTree = "<group>"; };
		DAA2991A247D5E8300BDF9B4 /* Info.plist */ = {isa = PBXFileReference; lastKnownFileType = text.plist.xml; path = Info.plist; sourceTree = "<group>"; };
		DAA2991F247D5E8300BDF9B4 /* desafio-ios-yuri-pedrosoUITests.xctest */ = {isa = PBXFileReference; explicitFileType = wrapper.cfbundle; includeInIndex = 0; path = "desafio-ios-yuri-pedrosoUITests.xctest"; sourceTree = BUILT_PRODUCTS_DIR; };
		DAA29923247D5E8300BDF9B4 /* desafio_ios_yuri_pedrosoUITests.swift */ = {isa = PBXFileReference; lastKnownFileType = sourcecode.swift; path = desafio_ios_yuri_pedrosoUITests.swift; sourceTree = "<group>"; };
		DAA29925247D5E8300BDF9B4 /* Info.plist */ = {isa = PBXFileReference; lastKnownFileType = text.plist.xml; path = Info.plist; sourceTree = "<group>"; };
		DAA29935247D888000BDF9B4 /* Char.swift */ = {isa = PBXFileReference; lastKnownFileType = sourcecode.swift; path = Char.swift; sourceTree = "<group>"; };
		DAA8532A2492ECCF00D6758A /* Comic.storyboard */ = {isa = PBXFileReference; fileEncoding = 4; lastKnownFileType = file.storyboard; path = Comic.storyboard; sourceTree = "<group>"; };
		DAB9455B24841CFA00184801 /* MarvelAlert.swift */ = {isa = PBXFileReference; lastKnownFileType = sourcecode.swift; path = MarvelAlert.swift; sourceTree = "<group>"; };
		DAB94563248432E900184801 /* CSViewController.swift */ = {isa = PBXFileReference; lastKnownFileType = sourcecode.swift; path = CSViewController.swift; sourceTree = "<group>"; };
		DAF9003F248D861100AA2223 /* CharactersViewModel.swift */ = {isa = PBXFileReference; lastKnownFileType = sourcecode.swift; path = CharactersViewModel.swift; sourceTree = "<group>"; };
		DEA5018CD925A0CA544859F9 /* Pods-desafio-ios-yuri-pedroso.release.xcconfig */ = {isa = PBXFileReference; includeInIndex = 1; lastKnownFileType = text.xcconfig; name = "Pods-desafio-ios-yuri-pedroso.release.xcconfig"; path = "Target Support Files/Pods-desafio-ios-yuri-pedroso/Pods-desafio-ios-yuri-pedroso.release.xcconfig"; sourceTree = "<group>"; };
/* End PBXFileReference section */

/* Begin PBXFrameworksBuildPhase section */
		DAA298FB247D5E7F00BDF9B4 /* Frameworks */ = {
			isa = PBXFrameworksBuildPhase;
			buildActionMask = 2147483647;
			files = (
				A93A10CC4E1F3627603184A8 /* Pods_desafio_ios_yuri_pedroso.framework in Frameworks */,
			);
			runOnlyForDeploymentPostprocessing = 0;
		};
		DAA29911247D5E8300BDF9B4 /* Frameworks */ = {
			isa = PBXFrameworksBuildPhase;
			buildActionMask = 2147483647;
			files = (
				E150BA1F0CAC824837CB370C /* Pods_desafio_ios_yuri_pedrosoTests.framework in Frameworks */,
			);
			runOnlyForDeploymentPostprocessing = 0;
		};
		DAA2991C247D5E8300BDF9B4 /* Frameworks */ = {
			isa = PBXFrameworksBuildPhase;
			buildActionMask = 2147483647;
			files = (
				CA84DC0D833E9AE7ECA45F27 /* Pods_desafio_ios_yuri_pedroso_desafio_ios_yuri_pedrosoUITests.framework in Frameworks */,
			);
			runOnlyForDeploymentPostprocessing = 0;
		};
/* End PBXFrameworksBuildPhase section */

/* Begin PBXGroup section */
		5F9514AC931CF236DEB1D62F /* Frameworks */ = {
			isa = PBXGroup;
			children = (
				222E8AED82255FA67948E263 /* Pods_desafio_ios_yuri_pedroso.framework */,
				4B09F327E00C88D78CE5CA02 /* Pods_desafio_ios_yuri_pedroso_desafio_ios_yuri_pedrosoUITests.framework */,
				4176A636399D04C987965D36 /* Pods_desafio_ios_yuri_pedrosoTests.framework */,
			);
			name = Frameworks;
			sourceTree = "<group>";
		};
		74163FE5AB653A327EB2CC41 /* Pods */ = {
			isa = PBXGroup;
			children = (
				53010247A3DA309D867F36EF /* Pods-desafio-ios-yuri-pedroso.debug.xcconfig */,
				DEA5018CD925A0CA544859F9 /* Pods-desafio-ios-yuri-pedroso.release.xcconfig */,
				CC133F48A17F091D3C9FA12E /* Pods-desafio-ios-yuri-pedroso-desafio-ios-yuri-pedrosoUITests.debug.xcconfig */,
				8A9A854D876866AC0C745185 /* Pods-desafio-ios-yuri-pedroso-desafio-ios-yuri-pedrosoUITests.release.xcconfig */,
				799EB57DA78D0C3E529E13CE /* Pods-desafio-ios-yuri-pedrosoTests.debug.xcconfig */,
				B10D1CFFA54CB2210E1E725E /* Pods-desafio-ios-yuri-pedrosoTests.release.xcconfig */,
			);
			path = Pods;
			sourceTree = "<group>";
		};
		DA346960248052C70020BE4C /* Common */ = {
			isa = PBXGroup;
			children = (
				DA8E232924919DC5008A8512 /* Protocol */,
				DAA2990F247D5E8200BDF9B4 /* Info.plist */,
				DA34696824805B0B0020BE4C /* Bridging.h */,
			);
			path = Common;
			sourceTree = "<group>";
		};
		DA346961248052E20020BE4C /* Controller */ = {
			isa = PBXGroup;
			children = (
				DA3469842481A92D0020BE4C /* CharactersTableViewController.swift */,
			);
			path = Controller;
			sourceTree = "<group>";
		};
		DA346962248053510020BE4C /* Model */ = {
			isa = PBXGroup;
			children = (
				DAA29935247D888000BDF9B4 /* Char.swift */,
				DA34698024817D860020BE4C /* CodableResponse.swift */,
			);
			path = Model;
			sourceTree = "<group>";
		};
		DA346965248058230020BE4C /* Extensions */ = {
			isa = PBXGroup;
			children = (
				DA346966248058880020BE4C /* String+MD5.swift */,
			);
			path = Extensions;
			sourceTree = "<group>";
		};
		DA3469832481A47D0020BE4C /* Resource */ = {
			isa = PBXGroup;
			children = (
				DAA2990A247D5E8200BDF9B4 /* Assets.xcassets */,
			);
			path = Resource;
			sourceTree = "<group>";
		};
		DA471C4B2487F9F400FB0D20 /* ViewModel */ = {
			isa = PBXGroup;
			children = (
				DA471C4D2487FA4500FB0D20 /* ComicViewModel.swift */,
			);
			path = ViewModel;
			sourceTree = "<group>";
		};
		DA471C4C2487FA0800FB0D20 /* Comic */ = {
			isa = PBXGroup;
			children = (
				DA8E23562492B1CC008A8512 /* Coordinator */,
				DAF90043248D968800AA2223 /* View */,
				DA8565EB248ABFF9006D9DE1 /* Model */,
				DA8565EA248ABF8F006D9DE1 /* Controller */,
				DA471C4B2487F9F400FB0D20 /* ViewModel */,
			);
			path = Comic;
			sourceTree = "<group>";
		};
		DA58572A248590DB0099C169 /* Utils */ = {
			isa = PBXGroup;
			children = (
				DA58572B248590EB0099C169 /* Constants.swift */,
			);
			path = Utils;
			sourceTree = "<group>";
		};
		DA8565EA248ABF8F006D9DE1 /* Controller */ = {
			isa = PBXGroup;
			children = (
				DA52FE26248302CF0018F19A /* ComicViewController.swift */,
			);
			path = Controller;
			sourceTree = "<group>";
		};
		DA8565EB248ABFF9006D9DE1 /* Model */ = {
			isa = PBXGroup;
			children = (
				DA346996248209DE0020BE4C /* Comic.swift */,
			);
			path = Model;
			sourceTree = "<group>";
		};
		DA8565EC248AC4D4006D9DE1 /* Characters */ = {
			isa = PBXGroup;
			children = (
				DAA29931247D877200BDF9B4 /* Chars */,
				DAA29932247D879400BDF9B4 /* CharDetail */,
			);
			path = Characters;
			sourceTree = "<group>";
		};
		DA8565ED248AC58E006D9DE1 /* ViewModel */ = {
			isa = PBXGroup;
			children = (
				DA8565EF248AC5AB006D9DE1 /* DetailViewModel.swift */,
			);
			path = ViewModel;
			sourceTree = "<group>";
		};
		DA8565EE248AC594006D9DE1 /* Controller */ = {
			isa = PBXGroup;
			children = (
				DA3469902481FB140020BE4C /* DetailViewController.swift */,
			);
			path = Controller;
			sourceTree = "<group>";
		};
		DA8E232624919D67008A8512 /* Coordinator */ = {
			isa = PBXGroup;
			children = (
				DA8E232724919D88008A8512 /* AppCoordinator.swift */,
			);
			path = Coordinator;
			sourceTree = "<group>";
		};
		DA8E232924919DC5008A8512 /* Protocol */ = {
			isa = PBXGroup;
			children = (
				DA8E232A24919DDD008A8512 /* Coordinator.swift */,
			);
			path = Protocol;
			sourceTree = "<group>";
		};
		DA8E232C2491A5D3008A8512 /* Main */ = {
			isa = PBXGroup;
			children = (
				DA8E23372491A7E8008A8512 /* View */,
				DA8E232D2491A600008A8512 /* Model */,
				DA8E232624919D67008A8512 /* Coordinator */,
			);
			path = Main;
			sourceTree = "<group>";
		};
		DA8E232D2491A600008A8512 /* Model */ = {
			isa = PBXGroup;
			children = (
				DAA29901247D5E7F00BDF9B4 /* AppDelegate.swift */,
			);
			path = Model;
			sourceTree = "<group>";
		};
		DA8E232E2491A64C008A8512 /* Coordinator */ = {
			isa = PBXGroup;
			children = (
				DA8E232F2491A669008A8512 /* CharsCoordinator.swift */,
			);
			path = Coordinator;
			sourceTree = "<group>";
		};
		DA8E23372491A7E8008A8512 /* View */ = {
			isa = PBXGroup;
			children = (
				DAA2990C247D5E8200BDF9B4 /* LaunchScreen.storyboard */,
			);
			path = View;
			sourceTree = "<group>";
		};
		DA8E234A2492A685008A8512 /* Coordinator */ = {
			isa = PBXGroup;
			children = (
				DA8E23462492A680008A8512 /* DetailCoordinator.swift */,
			);
			path = Coordinator;
			sourceTree = "<group>";
		};
		DA8E234B2492AE86008A8512 /* View */ = {
			isa = PBXGroup;
			children = (
				DA8E23502492AEAB008A8512 /* Cell */,
				DA8E234C2492AEA4008A8512 /* Chars.storyboard */,
			);
			path = View;
			sourceTree = "<group>";
		};
		DA8E23502492AEAB008A8512 /* Cell */ = {
			isa = PBXGroup;
			children = (
				DA8E23512492AEB4008A8512 /* CharTableViewCell.swift */,
			);
			path = Cell;
			sourceTree = "<group>";
		};
		DA8E23562492B1CC008A8512 /* Coordinator */ = {
			isa = PBXGroup;
			children = (
				DA8E23572492B1D7008A8512 /* ComicCoordinator.swift */,
			);
			path = Coordinator;
			sourceTree = "<group>";
		};
		DAA298F5247D5E7F00BDF9B4 = {
			isa = PBXGroup;
			children = (
				DAA29900247D5E7F00BDF9B4 /* desafio-ios-yuri-pedroso */,
				DAA29917247D5E8300BDF9B4 /* desafio-ios-yuri-pedrosoTests */,
				DAA29922247D5E8300BDF9B4 /* desafio-ios-yuri-pedrosoUITests */,
				DAA298FF247D5E7F00BDF9B4 /* Products */,
				74163FE5AB653A327EB2CC41 /* Pods */,
				5F9514AC931CF236DEB1D62F /* Frameworks */,
			);
			sourceTree = "<group>";
		};
		DAA298FF247D5E7F00BDF9B4 /* Products */ = {
			isa = PBXGroup;
			children = (
				DAA298FE247D5E7F00BDF9B4 /* desafio-ios-yuri-pedroso.app */,
				DAA29914247D5E8300BDF9B4 /* desafio-ios-yuri-pedrosoTests.xctest */,
				DAA2991F247D5E8300BDF9B4 /* desafio-ios-yuri-pedrosoUITests.xctest */,
			);
			name = Products;
			sourceTree = "<group>";
		};
		DAA29900247D5E7F00BDF9B4 /* desafio-ios-yuri-pedroso */ = {
			isa = PBXGroup;
			children = (
				DA8E232C2491A5D3008A8512 /* Main */,
				DA8565EC248AC4D4006D9DE1 /* Characters */,
				DA471C4C2487FA0800FB0D20 /* Comic */,
				DA58572A248590DB0099C169 /* Utils */,
				DAB9455A24841CCC00184801 /* Custom */,
				DA346962248053510020BE4C /* Model */,
				DAA29934247D882B00BDF9B4 /* Networking */,
				DA346965248058230020BE4C /* Extensions */,
				DA346960248052C70020BE4C /* Common */,
				DA3469832481A47D0020BE4C /* Resource */,
			);
			path = "desafio-ios-yuri-pedroso";
			sourceTree = "<group>";
		};
		DAA29917247D5E8300BDF9B4 /* desafio-ios-yuri-pedrosoTests */ = {
			isa = PBXGroup;
			children = (
				DAA29918247D5E8300BDF9B4 /* desafio_ios_yuri_pedrosoTests.swift */,
				DAA2991A247D5E8300BDF9B4 /* Info.plist */,
			);
			path = "desafio-ios-yuri-pedrosoTests";
			sourceTree = "<group>";
		};
		DAA29922247D5E8300BDF9B4 /* desafio-ios-yuri-pedrosoUITests */ = {
			isa = PBXGroup;
			children = (
				DAA29923247D5E8300BDF9B4 /* desafio_ios_yuri_pedrosoUITests.swift */,
				DAA29925247D5E8300BDF9B4 /* Info.plist */,
			);
			path = "desafio-ios-yuri-pedrosoUITests";
			sourceTree = "<group>";
		};
		DAA29931247D877200BDF9B4 /* Chars */ = {
			isa = PBXGroup;
			children = (
				DA8E232E2491A64C008A8512 /* Coordinator */,
				DA8E234B2492AE86008A8512 /* View */,
				DAF9003E248D85F700AA2223 /* ViewModel */,
				DA346961248052E20020BE4C /* Controller */,
			);
			path = Chars;
			sourceTree = "<group>";
		};
		DAA29932247D879400BDF9B4 /* CharDetail */ = {
			isa = PBXGroup;
			children = (
				DA8E234A2492A685008A8512 /* Coordinator */,
				DAF90045248D96AD00AA2223 /* View */,
				DA8565ED248AC58E006D9DE1 /* ViewModel */,
				DA8565EE248AC594006D9DE1 /* Controller */,
			);
			path = CharDetail;
			sourceTree = "<group>";
		};
		DAA29934247D882B00BDF9B4 /* Networking */ = {
			isa = PBXGroup;
			children = (
				DA58572624856C5E0099C169 /* MarvelAPI.swift */,
				DA58572F2485AF040099C169 /* APIError.swift */,
			);
			path = Networking;
			sourceTree = "<group>";
		};
		DAB9455A24841CCC00184801 /* Custom */ = {
			isa = PBXGroup;
			children = (
				DAB9455B24841CFA00184801 /* MarvelAlert.swift */,
				DAB94563248432E900184801 /* CSViewController.swift */,
			);
			path = Custom;
			sourceTree = "<group>";
		};
		DAF9003E248D85F700AA2223 /* ViewModel */ = {
			isa = PBXGroup;
			children = (
				DAF9003F248D861100AA2223 /* CharactersViewModel.swift */,
			);
			path = ViewModel;
			sourceTree = "<group>";
		};
		DAF90043248D968800AA2223 /* View */ = {
			isa = PBXGroup;
			children = (
				DAA8532A2492ECCF00D6758A /* Comic.storyboard */,
			);
			path = View;
			sourceTree = "<group>";
		};
		DAF90045248D96AD00AA2223 /* View */ = {
			isa = PBXGroup;
			children = (
				AA541B9224D49510009A0BA8 /* Detail.storyboard */,
			);
			path = View;
			sourceTree = "<group>";
		};
/* End PBXGroup section */

/* Begin PBXNativeTarget section */
		DAA298FD247D5E7F00BDF9B4 /* desafio-ios-yuri-pedroso */ = {
			isa = PBXNativeTarget;
			buildConfigurationList = DAA29928247D5E8300BDF9B4 /* Build configuration list for PBXNativeTarget "desafio-ios-yuri-pedroso" */;
			buildPhases = (
				39501FA87C59E2BFD350E5CD /* [CP] Check Pods Manifest.lock */,
				DAA298FA247D5E7F00BDF9B4 /* Sources */,
				DAA298FB247D5E7F00BDF9B4 /* Frameworks */,
				DAA298FC247D5E7F00BDF9B4 /* Resources */,
				AADCD0D563B9BA5A5AF8285A /* [CP] Embed Pods Frameworks */,
			);
			buildRules = (
			);
			dependencies = (
			);
			name = "desafio-ios-yuri-pedroso";
			productName = "desafio-ios-yuri-pedroso";
			productReference = DAA298FE247D5E7F00BDF9B4 /* desafio-ios-yuri-pedroso.app */;
			productType = "com.apple.product-type.application";
		};
		DAA29913247D5E8300BDF9B4 /* desafio-ios-yuri-pedrosoTests */ = {
			isa = PBXNativeTarget;
			buildConfigurationList = DAA2992B247D5E8300BDF9B4 /* Build configuration list for PBXNativeTarget "desafio-ios-yuri-pedrosoTests" */;
			buildPhases = (
				E5A4B1DBC684F4C816AFB751 /* [CP] Check Pods Manifest.lock */,
				DAA29910247D5E8300BDF9B4 /* Sources */,
				DAA29911247D5E8300BDF9B4 /* Frameworks */,
				DAA29912247D5E8300BDF9B4 /* Resources */,
				815FDB6DB99518AE403E5804 /* [CP] Embed Pods Frameworks */,
			);
			buildRules = (
			);
			dependencies = (
				DAA29916247D5E8300BDF9B4 /* PBXTargetDependency */,
			);
			name = "desafio-ios-yuri-pedrosoTests";
			productName = "desafio-ios-yuri-pedrosoTests";
			productReference = DAA29914247D5E8300BDF9B4 /* desafio-ios-yuri-pedrosoTests.xctest */;
			productType = "com.apple.product-type.bundle.unit-test";
		};
		DAA2991E247D5E8300BDF9B4 /* desafio-ios-yuri-pedrosoUITests */ = {
			isa = PBXNativeTarget;
			buildConfigurationList = DAA2992E247D5E8300BDF9B4 /* Build configuration list for PBXNativeTarget "desafio-ios-yuri-pedrosoUITests" */;
			buildPhases = (
				61F2EE58AF65B983D163B9CE /* [CP] Check Pods Manifest.lock */,
				DAA2991B247D5E8300BDF9B4 /* Sources */,
				DAA2991C247D5E8300BDF9B4 /* Frameworks */,
				DAA2991D247D5E8300BDF9B4 /* Resources */,
				55F55D67D994159F8DBF290F /* [CP] Embed Pods Frameworks */,
			);
			buildRules = (
			);
			dependencies = (
				DAA29921247D5E8300BDF9B4 /* PBXTargetDependency */,
			);
			name = "desafio-ios-yuri-pedrosoUITests";
			productName = "desafio-ios-yuri-pedrosoUITests";
			productReference = DAA2991F247D5E8300BDF9B4 /* desafio-ios-yuri-pedrosoUITests.xctest */;
			productType = "com.apple.product-type.bundle.ui-testing";
		};
/* End PBXNativeTarget section */

/* Begin PBXProject section */
		DAA298F6247D5E7F00BDF9B4 /* Project object */ = {
			isa = PBXProject;
			attributes = {
				LastSwiftUpdateCheck = 1150;
				LastUpgradeCheck = 1150;
				ORGANIZATIONNAME = DevVenture;
				TargetAttributes = {
					DAA298FD247D5E7F00BDF9B4 = {
						CreatedOnToolsVersion = 11.5;
					};
					DAA29913247D5E8300BDF9B4 = {
						CreatedOnToolsVersion = 11.5;
						TestTargetID = DAA298FD247D5E7F00BDF9B4;
					};
					DAA2991E247D5E8300BDF9B4 = {
						CreatedOnToolsVersion = 11.5;
						TestTargetID = DAA298FD247D5E7F00BDF9B4;
					};
				};
			};
			buildConfigurationList = DAA298F9247D5E7F00BDF9B4 /* Build configuration list for PBXProject "desafio-ios-yuri-pedroso" */;
			compatibilityVersion = "Xcode 9.3";
			developmentRegion = en;
			hasScannedForEncodings = 0;
			knownRegions = (
				en,
				Base,
			);
			mainGroup = DAA298F5247D5E7F00BDF9B4;
			productRefGroup = DAA298FF247D5E7F00BDF9B4 /* Products */;
			projectDirPath = "";
			projectRoot = "";
			targets = (
				DAA298FD247D5E7F00BDF9B4 /* desafio-ios-yuri-pedroso */,
				DAA29913247D5E8300BDF9B4 /* desafio-ios-yuri-pedrosoTests */,
				DAA2991E247D5E8300BDF9B4 /* desafio-ios-yuri-pedrosoUITests */,
			);
		};
/* End PBXProject section */

/* Begin PBXResourcesBuildPhase section */
		DAA298FC247D5E7F00BDF9B4 /* Resources */ = {
			isa = PBXResourcesBuildPhase;
			buildActionMask = 2147483647;
			files = (
				DAA2990E247D5E8200BDF9B4 /* LaunchScreen.storyboard in Resources */,
				DAA8532B2492ECCF00D6758A /* Comic.storyboard in Resources */,
				DAA2990B247D5E8200BDF9B4 /* Assets.xcassets in Resources */,
				DA8E234D2492AEA4008A8512 /* Chars.storyboard in Resources */,
				AA541B9324D49510009A0BA8 /* Detail.storyboard in Resources */,
			);
			runOnlyForDeploymentPostprocessing = 0;
		};
		DAA29912247D5E8300BDF9B4 /* Resources */ = {
			isa = PBXResourcesBuildPhase;
			buildActionMask = 2147483647;
			files = (
				DAB22687248608CB0025A356 /* Assets.xcassets in Resources */,
				DA8E234E2492AEA4008A8512 /* Chars.storyboard in Resources */,
				DAA8532C2492ECCF00D6758A /* Comic.storyboard in Resources */,
			);
			runOnlyForDeploymentPostprocessing = 0;
		};
		DAA2991D247D5E8300BDF9B4 /* Resources */ = {
			isa = PBXResourcesBuildPhase;
			buildActionMask = 2147483647;
			files = (
				DAB22688248608CC0025A356 /* Assets.xcassets in Resources */,
				DA8E234F2492AEA4008A8512 /* Chars.storyboard in Resources */,
				DAA8532D2492ECCF00D6758A /* Comic.storyboard in Resources */,
			);
			runOnlyForDeploymentPostprocessing = 0;
		};
/* End PBXResourcesBuildPhase section */

/* Begin PBXShellScriptBuildPhase section */
		39501FA87C59E2BFD350E5CD /* [CP] Check Pods Manifest.lock */ = {
			isa = PBXShellScriptBuildPhase;
			buildActionMask = 2147483647;
			files = (
			);
			inputFileListPaths = (
			);
			inputPaths = (
				"${PODS_PODFILE_DIR_PATH}/Podfile.lock",
				"${PODS_ROOT}/Manifest.lock",
			);
			name = "[CP] Check Pods Manifest.lock";
			outputFileListPaths = (
			);
			outputPaths = (
				"$(DERIVED_FILE_DIR)/Pods-desafio-ios-yuri-pedroso-checkManifestLockResult.txt",
			);
			runOnlyForDeploymentPostprocessing = 0;
			shellPath = /bin/sh;
			shellScript = "diff \"${PODS_PODFILE_DIR_PATH}/Podfile.lock\" \"${PODS_ROOT}/Manifest.lock\" > /dev/null\nif [ $? != 0 ] ; then\n    # print error to STDERR\n    echo \"error: The sandbox is not in sync with the Podfile.lock. Run 'pod install' or update your CocoaPods installation.\" >&2\n    exit 1\nfi\n# This output is used by Xcode 'outputs' to avoid re-running this script phase.\necho \"SUCCESS\" > \"${SCRIPT_OUTPUT_FILE_0}\"\n";
			showEnvVarsInLog = 0;
		};
		55F55D67D994159F8DBF290F /* [CP] Embed Pods Frameworks */ = {
			isa = PBXShellScriptBuildPhase;
			buildActionMask = 2147483647;
			files = (
			);
			inputFileListPaths = (
				"${PODS_ROOT}/Target Support Files/Pods-desafio-ios-yuri-pedroso-desafio-ios-yuri-pedrosoUITests/Pods-desafio-ios-yuri-pedroso-desafio-ios-yuri-pedrosoUITests-frameworks-${CONFIGURATION}-input-files.xcfilelist",
			);
			name = "[CP] Embed Pods Frameworks";
			outputFileListPaths = (
				"${PODS_ROOT}/Target Support Files/Pods-desafio-ios-yuri-pedroso-desafio-ios-yuri-pedrosoUITests/Pods-desafio-ios-yuri-pedroso-desafio-ios-yuri-pedrosoUITests-frameworks-${CONFIGURATION}-output-files.xcfilelist",
			);
			runOnlyForDeploymentPostprocessing = 0;
			shellPath = /bin/sh;
			shellScript = "\"${PODS_ROOT}/Target Support Files/Pods-desafio-ios-yuri-pedroso-desafio-ios-yuri-pedrosoUITests/Pods-desafio-ios-yuri-pedroso-desafio-ios-yuri-pedrosoUITests-frameworks.sh\"\n";
			showEnvVarsInLog = 0;
		};
		61F2EE58AF65B983D163B9CE /* [CP] Check Pods Manifest.lock */ = {
			isa = PBXShellScriptBuildPhase;
			buildActionMask = 2147483647;
			files = (
			);
			inputFileListPaths = (
			);
			inputPaths = (
				"${PODS_PODFILE_DIR_PATH}/Podfile.lock",
				"${PODS_ROOT}/Manifest.lock",
			);
			name = "[CP] Check Pods Manifest.lock";
			outputFileListPaths = (
			);
			outputPaths = (
				"$(DERIVED_FILE_DIR)/Pods-desafio-ios-yuri-pedroso-desafio-ios-yuri-pedrosoUITests-checkManifestLockResult.txt",
			);
			runOnlyForDeploymentPostprocessing = 0;
			shellPath = /bin/sh;
			shellScript = "diff \"${PODS_PODFILE_DIR_PATH}/Podfile.lock\" \"${PODS_ROOT}/Manifest.lock\" > /dev/null\nif [ $? != 0 ] ; then\n    # print error to STDERR\n    echo \"error: The sandbox is not in sync with the Podfile.lock. Run 'pod install' or update your CocoaPods installation.\" >&2\n    exit 1\nfi\n# This output is used by Xcode 'outputs' to avoid re-running this script phase.\necho \"SUCCESS\" > \"${SCRIPT_OUTPUT_FILE_0}\"\n";
			showEnvVarsInLog = 0;
		};
		815FDB6DB99518AE403E5804 /* [CP] Embed Pods Frameworks */ = {
			isa = PBXShellScriptBuildPhase;
			buildActionMask = 2147483647;
			files = (
			);
			inputFileListPaths = (
				"${PODS_ROOT}/Target Support Files/Pods-desafio-ios-yuri-pedrosoTests/Pods-desafio-ios-yuri-pedrosoTests-frameworks-${CONFIGURATION}-input-files.xcfilelist",
			);
			name = "[CP] Embed Pods Frameworks";
			outputFileListPaths = (
				"${PODS_ROOT}/Target Support Files/Pods-desafio-ios-yuri-pedrosoTests/Pods-desafio-ios-yuri-pedrosoTests-frameworks-${CONFIGURATION}-output-files.xcfilelist",
			);
			runOnlyForDeploymentPostprocessing = 0;
			shellPath = /bin/sh;
			shellScript = "\"${PODS_ROOT}/Target Support Files/Pods-desafio-ios-yuri-pedrosoTests/Pods-desafio-ios-yuri-pedrosoTests-frameworks.sh\"\n";
			showEnvVarsInLog = 0;
		};
		AADCD0D563B9BA5A5AF8285A /* [CP] Embed Pods Frameworks */ = {
			isa = PBXShellScriptBuildPhase;
			buildActionMask = 2147483647;
			files = (
			);
			inputFileListPaths = (
				"${PODS_ROOT}/Target Support Files/Pods-desafio-ios-yuri-pedroso/Pods-desafio-ios-yuri-pedroso-frameworks-${CONFIGURATION}-input-files.xcfilelist",
			);
			name = "[CP] Embed Pods Frameworks";
			outputFileListPaths = (
				"${PODS_ROOT}/Target Support Files/Pods-desafio-ios-yuri-pedroso/Pods-desafio-ios-yuri-pedroso-frameworks-${CONFIGURATION}-output-files.xcfilelist",
			);
			runOnlyForDeploymentPostprocessing = 0;
			shellPath = /bin/sh;
			shellScript = "\"${PODS_ROOT}/Target Support Files/Pods-desafio-ios-yuri-pedroso/Pods-desafio-ios-yuri-pedroso-frameworks.sh\"\n";
			showEnvVarsInLog = 0;
		};
		E5A4B1DBC684F4C816AFB751 /* [CP] Check Pods Manifest.lock */ = {
			isa = PBXShellScriptBuildPhase;
			buildActionMask = 2147483647;
			files = (
			);
			inputFileListPaths = (
			);
			inputPaths = (
				"${PODS_PODFILE_DIR_PATH}/Podfile.lock",
				"${PODS_ROOT}/Manifest.lock",
			);
			name = "[CP] Check Pods Manifest.lock";
			outputFileListPaths = (
			);
			outputPaths = (
				"$(DERIVED_FILE_DIR)/Pods-desafio-ios-yuri-pedrosoTests-checkManifestLockResult.txt",
			);
			runOnlyForDeploymentPostprocessing = 0;
			shellPath = /bin/sh;
			shellScript = "diff \"${PODS_PODFILE_DIR_PATH}/Podfile.lock\" \"${PODS_ROOT}/Manifest.lock\" > /dev/null\nif [ $? != 0 ] ; then\n    # print error to STDERR\n    echo \"error: The sandbox is not in sync with the Podfile.lock. Run 'pod install' or update your CocoaPods installation.\" >&2\n    exit 1\nfi\n# This output is used by Xcode 'outputs' to avoid re-running this script phase.\necho \"SUCCESS\" > \"${SCRIPT_OUTPUT_FILE_0}\"\n";
			showEnvVarsInLog = 0;
		};
/* End PBXShellScriptBuildPhase section */

/* Begin PBXSourcesBuildPhase section */
		DAA298FA247D5E7F00BDF9B4 /* Sources */ = {
			isa = PBXSourcesBuildPhase;
			buildActionMask = 2147483647;
			files = (
				DA34698124817D860020BE4C /* CodableResponse.swift in Sources */,
				DAA29902247D5E7F00BDF9B4 /* AppDelegate.swift in Sources */,
				DAB9455C24841CFA00184801 /* MarvelAlert.swift in Sources */,
				DAA29936247D888000BDF9B4 /* Char.swift in Sources */,
				DA3469852481A92D0020BE4C /* CharactersTableViewController.swift in Sources */,
				DA346967248058880020BE4C /* String+MD5.swift in Sources */,
				DA8E232B24919DDD008A8512 /* Coordinator.swift in Sources */,
				DA8E232824919D88008A8512 /* AppCoordinator.swift in Sources */,
				DA471C4E2487FA4500FB0D20 /* ComicViewModel.swift in Sources */,
				DA58572C248590EB0099C169 /* Constants.swift in Sources */,
				DAB94564248432E900184801 /* CSViewController.swift in Sources */,
				DAF90040248D861100AA2223 /* CharactersViewModel.swift in Sources */,
				DA346997248209DE0020BE4C /* Comic.swift in Sources */,
				DA8E23472492A680008A8512 /* DetailCoordinator.swift in Sources */,
				DA3469912481FB140020BE4C /* DetailViewController.swift in Sources */,
				DA52FE27248302CF0018F19A /* ComicViewController.swift in Sources */,
				DA58572724856C5E0099C169 /* MarvelAPI.swift in Sources */,
				DA5857302485AF040099C169 /* APIError.swift in Sources */,
				DA8E23302491A669008A8512 /* CharsCoordinator.swift in Sources */,
				DA8565F0248AC5AB006D9DE1 /* DetailViewModel.swift in Sources */,
				DA8E23582492B1D7008A8512 /* ComicCoordinator.swift in Sources */,
				DA8E23522492AEB4008A8512 /* CharTableViewCell.swift in Sources */,
			);
			runOnlyForDeploymentPostprocessing = 0;
		};
		DAA29910247D5E8300BDF9B4 /* Sources */ = {
			isa = PBXSourcesBuildPhase;
			buildActionMask = 2147483647;
			files = (
				DA8E23532492AEB4008A8512 /* CharTableViewCell.swift in Sources */,
				DA8565F1248AC5AB006D9DE1 /* DetailViewModel.swift in Sources */,
				DA8E23592492B1D7008A8512 /* ComicCoordinator.swift in Sources */,
				DAB22683248608B50025A356 /* String+MD5.swift in Sources */,
				DAA29919247D5E8300BDF9B4 /* desafio_ios_yuri_pedrosoTests.swift in Sources */,
				DAB22679248607C40025A356 /* Comic.swift in Sources */,
				DA8E23482492A680008A8512 /* DetailCoordinator.swift in Sources */,
				DA58572D248590EB0099C169 /* Constants.swift in Sources */,
				DAB22685248608BD0025A356 /* AppDelegate.swift in Sources */,
				DA471C4F2487FA4500FB0D20 /* ComicViewModel.swift in Sources */,
				DA3469942481FB1A0020BE4C /* CharactersTableViewController.swift in Sources */,
				DAB2267B248607D10025A356 /* Char.swift in Sources */,
				DAF90041248D861100AA2223 /* CharactersViewModel.swift in Sources */,
				DA8E23312491A669008A8512 /* CharsCoordinator.swift in Sources */,
				DAB22681248608A50025A356 /* CodableResponse.swift in Sources */,
				DAB2267F248607E80025A356 /* ComicViewController.swift in Sources */,
				DA5857312485AF040099C169 /* APIError.swift in Sources */,
				DA58572824856C5E0099C169 /* MarvelAPI.swift in Sources */,
				DAB2267D248607E60025A356 /* DetailViewController.swift in Sources */,
				DAB94565248432E900184801 /* CSViewController.swift in Sources */,
				DAB9455D24841CFA00184801 /* MarvelAlert.swift in Sources */,
			);
			runOnlyForDeploymentPostprocessing = 0;
		};
		DAA2991B247D5E8300BDF9B4 /* Sources */ = {
			isa = PBXSourcesBuildPhase;
			buildActionMask = 2147483647;
			files = (
				DA8E23542492AEB4008A8512 /* CharTableViewCell.swift in Sources */,
				DA8565F2248AC5AB006D9DE1 /* DetailViewModel.swift in Sources */,
				DA8E235A2492B1D7008A8512 /* ComicCoordinator.swift in Sources */,
				DAB22684248608B60025A356 /* String+MD5.swift in Sources */,
				DAA29924247D5E8300BDF9B4 /* desafio_ios_yuri_pedrosoUITests.swift in Sources */,
				DAB2267A248607C50025A356 /* Comic.swift in Sources */,
				DA8E23492492A680008A8512 /* DetailCoordinator.swift in Sources */,
				DA58572E248590EB0099C169 /* Constants.swift in Sources */,
				DAB22686248608BE0025A356 /* AppDelegate.swift in Sources */,
				DA471C502487FA4500FB0D20 /* ComicViewModel.swift in Sources */,
				DA3469952481FB1A0020BE4C /* CharactersTableViewController.swift in Sources */,
				DAB2267C248607D10025A356 /* Char.swift in Sources */,
				DAF90042248D861100AA2223 /* CharactersViewModel.swift in Sources */,
				DA8E23322491A669008A8512 /* CharsCoordinator.swift in Sources */,
				DAB22682248608A50025A356 /* CodableResponse.swift in Sources */,
				DAB22680248607E90025A356 /* ComicViewController.swift in Sources */,
				DA5857322485AF040099C169 /* APIError.swift in Sources */,
				DA58572924856C5E0099C169 /* MarvelAPI.swift in Sources */,
				DAB2267E248607E60025A356 /* DetailViewController.swift in Sources */,
				DAB94566248432E900184801 /* CSViewController.swift in Sources */,
				DAB9455E24841CFA00184801 /* MarvelAlert.swift in Sources */,
			);
			runOnlyForDeploymentPostprocessing = 0;
		};
/* End PBXSourcesBuildPhase section */

/* Begin PBXTargetDependency section */
		DAA29916247D5E8300BDF9B4 /* PBXTargetDependency */ = {
			isa = PBXTargetDependency;
			target = DAA298FD247D5E7F00BDF9B4 /* desafio-ios-yuri-pedroso */;
			targetProxy = DAA29915247D5E8300BDF9B4 /* PBXContainerItemProxy */;
		};
		DAA29921247D5E8300BDF9B4 /* PBXTargetDependency */ = {
			isa = PBXTargetDependency;
			target = DAA298FD247D5E7F00BDF9B4 /* desafio-ios-yuri-pedroso */;
			targetProxy = DAA29920247D5E8300BDF9B4 /* PBXContainerItemProxy */;
		};
/* End PBXTargetDependency section */

/* Begin PBXVariantGroup section */
		DAA2990C247D5E8200BDF9B4 /* LaunchScreen.storyboard */ = {
			isa = PBXVariantGroup;
			children = (
				DAA2990D247D5E8200BDF9B4 /* Base */,
			);
			name = LaunchScreen.storyboard;
			sourceTree = "<group>";
		};
/* End PBXVariantGroup section */

/* Begin XCBuildConfiguration section */
		DAA29926247D5E8300BDF9B4 /* Debug */ = {
			isa = XCBuildConfiguration;
			buildSettings = {
				ALWAYS_SEARCH_USER_PATHS = NO;
				CLANG_ANALYZER_NONNULL = YES;
				CLANG_ANALYZER_NUMBER_OBJECT_CONVERSION = YES_AGGRESSIVE;
				CLANG_CXX_LANGUAGE_STANDARD = "gnu++14";
				CLANG_CXX_LIBRARY = "libc++";
				CLANG_ENABLE_MODULES = YES;
				CLANG_ENABLE_OBJC_ARC = YES;
				CLANG_ENABLE_OBJC_WEAK = YES;
				CLANG_WARN_BLOCK_CAPTURE_AUTORELEASING = YES;
				CLANG_WARN_BOOL_CONVERSION = YES;
				CLANG_WARN_COMMA = YES;
				CLANG_WARN_CONSTANT_CONVERSION = YES;
				CLANG_WARN_DEPRECATED_OBJC_IMPLEMENTATIONS = YES;
				CLANG_WARN_DIRECT_OBJC_ISA_USAGE = YES_ERROR;
				CLANG_WARN_DOCUMENTATION_COMMENTS = YES;
				CLANG_WARN_EMPTY_BODY = YES;
				CLANG_WARN_ENUM_CONVERSION = YES;
				CLANG_WARN_INFINITE_RECURSION = YES;
				CLANG_WARN_INT_CONVERSION = YES;
				CLANG_WARN_NON_LITERAL_NULL_CONVERSION = YES;
				CLANG_WARN_OBJC_IMPLICIT_RETAIN_SELF = YES;
				CLANG_WARN_OBJC_LITERAL_CONVERSION = YES;
				CLANG_WARN_OBJC_ROOT_CLASS = YES_ERROR;
				CLANG_WARN_RANGE_LOOP_ANALYSIS = YES;
				CLANG_WARN_STRICT_PROTOTYPES = YES;
				CLANG_WARN_SUSPICIOUS_MOVE = YES;
				CLANG_WARN_UNGUARDED_AVAILABILITY = YES_AGGRESSIVE;
				CLANG_WARN_UNREACHABLE_CODE = YES;
				CLANG_WARN__DUPLICATE_METHOD_MATCH = YES;
				COPY_PHASE_STRIP = NO;
				DEBUG_INFORMATION_FORMAT = dwarf;
				ENABLE_STRICT_OBJC_MSGSEND = YES;
				ENABLE_TESTABILITY = YES;
				GCC_C_LANGUAGE_STANDARD = gnu11;
				GCC_DYNAMIC_NO_PIC = NO;
				GCC_NO_COMMON_BLOCKS = YES;
				GCC_OPTIMIZATION_LEVEL = 0;
				GCC_PREPROCESSOR_DEFINITIONS = (
					"DEBUG=1",
					"$(inherited)",
				);
				GCC_WARN_64_TO_32_BIT_CONVERSION = YES;
				GCC_WARN_ABOUT_RETURN_TYPE = YES_ERROR;
				GCC_WARN_UNDECLARED_SELECTOR = YES;
				GCC_WARN_UNINITIALIZED_AUTOS = YES_AGGRESSIVE;
				GCC_WARN_UNUSED_FUNCTION = YES;
				GCC_WARN_UNUSED_VARIABLE = YES;
				IPHONEOS_DEPLOYMENT_TARGET = 12.4;
				MTL_ENABLE_DEBUG_INFO = INCLUDE_SOURCE;
				MTL_FAST_MATH = YES;
				ONLY_ACTIVE_ARCH = YES;
				SDKROOT = iphoneos;
				SWIFT_ACTIVE_COMPILATION_CONDITIONS = DEBUG;
				SWIFT_OPTIMIZATION_LEVEL = "-Onone";
			};
			name = Debug;
		};
		DAA29927247D5E8300BDF9B4 /* Release */ = {
			isa = XCBuildConfiguration;
			buildSettings = {
				ALWAYS_SEARCH_USER_PATHS = NO;
				CLANG_ANALYZER_NONNULL = YES;
				CLANG_ANALYZER_NUMBER_OBJECT_CONVERSION = YES_AGGRESSIVE;
				CLANG_CXX_LANGUAGE_STANDARD = "gnu++14";
				CLANG_CXX_LIBRARY = "libc++";
				CLANG_ENABLE_MODULES = YES;
				CLANG_ENABLE_OBJC_ARC = YES;
				CLANG_ENABLE_OBJC_WEAK = YES;
				CLANG_WARN_BLOCK_CAPTURE_AUTORELEASING = YES;
				CLANG_WARN_BOOL_CONVERSION = YES;
				CLANG_WARN_COMMA = YES;
				CLANG_WARN_CONSTANT_CONVERSION = YES;
				CLANG_WARN_DEPRECATED_OBJC_IMPLEMENTATIONS = YES;
				CLANG_WARN_DIRECT_OBJC_ISA_USAGE = YES_ERROR;
				CLANG_WARN_DOCUMENTATION_COMMENTS = YES;
				CLANG_WARN_EMPTY_BODY = YES;
				CLANG_WARN_ENUM_CONVERSION = YES;
				CLANG_WARN_INFINITE_RECURSION = YES;
				CLANG_WARN_INT_CONVERSION = YES;
				CLANG_WARN_NON_LITERAL_NULL_CONVERSION = YES;
				CLANG_WARN_OBJC_IMPLICIT_RETAIN_SELF = YES;
				CLANG_WARN_OBJC_LITERAL_CONVERSION = YES;
				CLANG_WARN_OBJC_ROOT_CLASS = YES_ERROR;
				CLANG_WARN_RANGE_LOOP_ANALYSIS = YES;
				CLANG_WARN_STRICT_PROTOTYPES = YES;
				CLANG_WARN_SUSPICIOUS_MOVE = YES;
				CLANG_WARN_UNGUARDED_AVAILABILITY = YES_AGGRESSIVE;
				CLANG_WARN_UNREACHABLE_CODE = YES;
				CLANG_WARN__DUPLICATE_METHOD_MATCH = YES;
				COPY_PHASE_STRIP = NO;
				DEBUG_INFORMATION_FORMAT = "dwarf-with-dsym";
				ENABLE_NS_ASSERTIONS = NO;
				ENABLE_STRICT_OBJC_MSGSEND = YES;
				GCC_C_LANGUAGE_STANDARD = gnu11;
				GCC_NO_COMMON_BLOCKS = YES;
				GCC_WARN_64_TO_32_BIT_CONVERSION = YES;
				GCC_WARN_ABOUT_RETURN_TYPE = YES_ERROR;
				GCC_WARN_UNDECLARED_SELECTOR = YES;
				GCC_WARN_UNINITIALIZED_AUTOS = YES_AGGRESSIVE;
				GCC_WARN_UNUSED_FUNCTION = YES;
				GCC_WARN_UNUSED_VARIABLE = YES;
				IPHONEOS_DEPLOYMENT_TARGET = 12.4;
				MTL_ENABLE_DEBUG_INFO = NO;
				MTL_FAST_MATH = YES;
				SDKROOT = iphoneos;
				SWIFT_COMPILATION_MODE = wholemodule;
				SWIFT_OPTIMIZATION_LEVEL = "-O";
				VALIDATE_PRODUCT = YES;
			};
			name = Release;
		};
		DAA29929247D5E8300BDF9B4 /* Debug */ = {
			isa = XCBuildConfiguration;
			baseConfigurationReference = 53010247A3DA309D867F36EF /* Pods-desafio-ios-yuri-pedroso.debug.xcconfig */;
			buildSettings = {
				ASSETCATALOG_COMPILER_APPICON_NAME = AppIcon;
				CODE_SIGN_STYLE = Automatic;
				INFOPLIST_FILE = "desafio-ios-yuri-pedroso/Common/Info.plist";
				LD_RUNPATH_SEARCH_PATHS = (
					"$(inherited)",
					"@executable_path/Frameworks",
				);
				PRODUCT_BUNDLE_IDENTIFIER = "br.com.devventure.desafio-ios-yuri-pedroso";
				PRODUCT_NAME = "$(TARGET_NAME)";
				SWIFT_VERSION = 5.0;
				TARGETED_DEVICE_FAMILY = "1,2";
			};
			name = Debug;
		};
		DAA2992A247D5E8300BDF9B4 /* Release */ = {
			isa = XCBuildConfiguration;
			baseConfigurationReference = DEA5018CD925A0CA544859F9 /* Pods-desafio-ios-yuri-pedroso.release.xcconfig */;
			buildSettings = {
				ASSETCATALOG_COMPILER_APPICON_NAME = AppIcon;
				CODE_SIGN_STYLE = Automatic;
				INFOPLIST_FILE = "desafio-ios-yuri-pedroso/Common/Info.plist";
				LD_RUNPATH_SEARCH_PATHS = (
					"$(inherited)",
					"@executable_path/Frameworks",
				);
				PRODUCT_BUNDLE_IDENTIFIER = "br.com.devventure.desafio-ios-yuri-pedroso";
				PRODUCT_NAME = "$(TARGET_NAME)";
				SWIFT_VERSION = 5.0;
				TARGETED_DEVICE_FAMILY = "1,2";
			};
			name = Release;
		};
		DAA2992C247D5E8300BDF9B4 /* Debug */ = {
			isa = XCBuildConfiguration;
			baseConfigurationReference = 799EB57DA78D0C3E529E13CE /* Pods-desafio-ios-yuri-pedrosoTests.debug.xcconfig */;
			buildSettings = {
				ALWAYS_EMBED_SWIFT_STANDARD_LIBRARIES = YES;
				BUNDLE_LOADER = "$(TEST_HOST)";
				CODE_SIGN_STYLE = Automatic;
				INFOPLIST_FILE = "desafio-ios-yuri-pedrosoTests/Info.plist";
				IPHONEOS_DEPLOYMENT_TARGET = 13.5;
				LD_RUNPATH_SEARCH_PATHS = (
					"$(inherited)",
					"@executable_path/Frameworks",
					"@loader_path/Frameworks",
				);
				PRODUCT_BUNDLE_IDENTIFIER = "br.com.devventure.desafio-ios-yuri-pedrosoTests";
				PRODUCT_NAME = "$(TARGET_NAME)";
				SWIFT_VERSION = 5.0;
				TARGETED_DEVICE_FAMILY = "1,2";
				TEST_HOST = "$(BUILT_PRODUCTS_DIR)/desafio-ios-yuri-pedroso.app/desafio-ios-yuri-pedroso";
			};
			name = Debug;
		};
		DAA2992D247D5E8300BDF9B4 /* Release */ = {
			isa = XCBuildConfiguration;
			baseConfigurationReference = B10D1CFFA54CB2210E1E725E /* Pods-desafio-ios-yuri-pedrosoTests.release.xcconfig */;
			buildSettings = {
				ALWAYS_EMBED_SWIFT_STANDARD_LIBRARIES = YES;
				BUNDLE_LOADER = "$(TEST_HOST)";
				CODE_SIGN_STYLE = Automatic;
				INFOPLIST_FILE = "desafio-ios-yuri-pedrosoTests/Info.plist";
				IPHONEOS_DEPLOYMENT_TARGET = 13.5;
				LD_RUNPATH_SEARCH_PATHS = (
					"$(inherited)",
					"@executable_path/Frameworks",
					"@loader_path/Frameworks",
				);
				PRODUCT_BUNDLE_IDENTIFIER = "br.com.devventure.desafio-ios-yuri-pedrosoTests";
				PRODUCT_NAME = "$(TARGET_NAME)";
				SWIFT_VERSION = 5.0;
				TARGETED_DEVICE_FAMILY = "1,2";
				TEST_HOST = "$(BUILT_PRODUCTS_DIR)/desafio-ios-yuri-pedroso.app/desafio-ios-yuri-pedroso";
			};
			name = Release;
		};
		DAA2992F247D5E8300BDF9B4 /* Debug */ = {
			isa = XCBuildConfiguration;
			baseConfigurationReference = CC133F48A17F091D3C9FA12E /* Pods-desafio-ios-yuri-pedroso-desafio-ios-yuri-pedrosoUITests.debug.xcconfig */;
			buildSettings = {
				ALWAYS_EMBED_SWIFT_STANDARD_LIBRARIES = YES;
				CODE_SIGN_STYLE = Automatic;
				INFOPLIST_FILE = "desafio-ios-yuri-pedrosoUITests/Info.plist";
				LD_RUNPATH_SEARCH_PATHS = (
					"$(inherited)",
					"@executable_path/Frameworks",
					"@loader_path/Frameworks",
				);
				PRODUCT_BUNDLE_IDENTIFIER = "br.com.devventure.desafio-ios-yuri-pedrosoUITests";
				PRODUCT_NAME = "$(TARGET_NAME)";
				SWIFT_VERSION = 5.0;
				TARGETED_DEVICE_FAMILY = "1,2";
				TEST_TARGET_NAME = "desafio-ios-yuri-pedroso";
			};
			name = Debug;
		};
		DAA29930247D5E8300BDF9B4 /* Release */ = {
			isa = XCBuildConfiguration;
			baseConfigurationReference = 8A9A854D876866AC0C745185 /* Pods-desafio-ios-yuri-pedroso-desafio-ios-yuri-pedrosoUITests.release.xcconfig */;
			buildSettings = {
				ALWAYS_EMBED_SWIFT_STANDARD_LIBRARIES = YES;
				CODE_SIGN_STYLE = Automatic;
				INFOPLIST_FILE = "desafio-ios-yuri-pedrosoUITests/Info.plist";
				LD_RUNPATH_SEARCH_PATHS = (
					"$(inherited)",
					"@executable_path/Frameworks",
					"@loader_path/Frameworks",
				);
				PRODUCT_BUNDLE_IDENTIFIER = "br.com.devventure.desafio-ios-yuri-pedrosoUITests";
				PRODUCT_NAME = "$(TARGET_NAME)";
				SWIFT_VERSION = 5.0;
				TARGETED_DEVICE_FAMILY = "1,2";
				TEST_TARGET_NAME = "desafio-ios-yuri-pedroso";
			};
			name = Release;
		};
/* End XCBuildConfiguration section */

/* Begin XCConfigurationList section */
		DAA298F9247D5E7F00BDF9B4 /* Build configuration list for PBXProject "desafio-ios-yuri-pedroso" */ = {
			isa = XCConfigurationList;
			buildConfigurations = (
				DAA29926247D5E8300BDF9B4 /* Debug */,
				DAA29927247D5E8300BDF9B4 /* Release */,
			);
			defaultConfigurationIsVisible = 0;
			defaultConfigurationName = Release;
		};
		DAA29928247D5E8300BDF9B4 /* Build configuration list for PBXNativeTarget "desafio-ios-yuri-pedroso" */ = {
			isa = XCConfigurationList;
			buildConfigurations = (
				DAA29929247D5E8300BDF9B4 /* Debug */,
				DAA2992A247D5E8300BDF9B4 /* Release */,
			);
			defaultConfigurationIsVisible = 0;
			defaultConfigurationName = Release;
		};
		DAA2992B247D5E8300BDF9B4 /* Build configuration list for PBXNativeTarget "desafio-ios-yuri-pedrosoTests" */ = {
			isa = XCConfigurationList;
			buildConfigurations = (
				DAA2992C247D5E8300BDF9B4 /* Debug */,
				DAA2992D247D5E8300BDF9B4 /* Release */,
			);
			defaultConfigurationIsVisible = 0;
			defaultConfigurationName = Release;
		};
		DAA2992E247D5E8300BDF9B4 /* Build configuration list for PBXNativeTarget "desafio-ios-yuri-pedrosoUITests" */ = {
			isa = XCConfigurationList;
			buildConfigurations = (
				DAA2992F247D5E8300BDF9B4 /* Debug */,
				DAA29930247D5E8300BDF9B4 /* Release */,
			);
			defaultConfigurationIsVisible = 0;
			defaultConfigurationName = Release;
		};
/* End XCConfigurationList section */
	};
	rootObject = DAA298F6247D5E7F00BDF9B4 /* Project object */;
}
